
Microsoft Visual Studio Solution File, Format Version 12.00
# Visual Studio Version 16
VisualStudioVersion = 16.0.28407.52
MinimumVisualStudioVersion = 10.0.40219.1
Project("{FAE04EC0-301F-11D3-BF4B-00C04F79EFBC}") = "ARBC800", "ARBC800.csproj", "{7D91087F-1144-4C98-B80A-2EFEC1297FE9}"
EndProject
Global
	GlobalSection(SolutionConfigurationPlatforms) = preSolution
		Debug|Any CPU = Debug|Any CPU
		Release|Any CPU = Release|Any CPU
	EndGlobalSection
	GlobalSection(ProjectConfigurationPlatforms) = postSolution
		{7D91087F-1144-4C98-B80A-2EFEC1297FE9}.Debug|Any CPU.ActiveCfg = Debug|Any CPU
		{7D91087F-1144-4C98-B80A-2EFEC1297FE9}.Debug|Any CPU.Build.0 = Debug|Any CPU
		{7D91087F-1144-4C98-B80A-2EFEC1297FE9}.Release|Any CPU.ActiveCfg = Release|Any CPU
		{7D91087F-1144-4C98-B80A-2EFEC1297FE9}.Release|Any CPU.Build.0 = Release|Any CPU
	EndGlobalSection
	GlobalSection(SolutionProperties) = preSolution
		HideSolutionNode = FALSE
	EndGlobalSection
	GlobalSection(ExtensibilityGlobals) = postSolution
		SolutionGuid = {AF7E757E-DE6E-4133-9494-0BD5A9FBEC24}
	EndGlobalSection
EndGlobal
