
Microsoft Visual Studio Solution File, Format Version 12.00
# Visual Studio Version 16
VisualStudioVersion = 16.0.28407.52
MinimumVisualStudioVersion = 10.0.40219.1
Project("{FAE04EC0-301F-11D3-BF4B-00C04F79EFBC}") = "MH3", "MH3.csproj", "{C9E11821-4D07-4692-987F-84DA2269C2EF}"
EndProject
Global
	GlobalSection(SolutionConfigurationPlatforms) = preSolution
		Debug|Any CPU = Debug|Any CPU
		Release|Any CPU = Release|Any CPU
	EndGlobalSection
	GlobalSection(ProjectConfigurationPlatforms) = postSolution
		{C9E11821-4D07-4692-987F-84DA2269C2EF}.Debug|Any CPU.ActiveCfg = Debug|Any CPU
		{C9E11821-4D07-4692-987F-84DA2269C2EF}.Debug|Any CPU.Build.0 = Debug|Any CPU
		{C9E11821-4D07-4692-987F-84DA2269C2EF}.Release|Any CPU.ActiveCfg = Release|Any CPU
		{C9E11821-4D07-4692-987F-84DA2269C2EF}.Release|Any CPU.Build.0 = Release|Any CPU
	EndGlobalSection
	GlobalSection(SolutionProperties) = preSolution
		HideSolutionNode = FALSE
	EndGlobalSection
	GlobalSection(ExtensibilityGlobals) = postSolution
		SolutionGuid = {D84893B8-E6DD-4AAC-980A-7D5BFB74E70A}
	EndGlobalSection
EndGlobal
